
Microsoft Visual Studio Solution File, Format Version 12.00
# Visual Studio 2012
Project("{FAE04EC0-301F-11D3-BF4B-00C04F79EFBC}") = "GLMS.BLL", "GLMS.BLL\GLMS.BLL.csproj", "{82D1A046-D09D-44A1-8843-EF33DF9A56A3}"
EndProject
Project("{FAE04EC0-301F-11D3-BF4B-00C04F79EFBC}") = "GLMS.DAL", "GLMS.DAL\GLMS.DAL.csproj", "{BB464808-264F-45C9-B94B-9E59B9E1E754}"
EndProject
Project("{FAE04EC0-301F-11D3-BF4B-00C04F79EFBC}") = "Elmah", "Elmah\Elmah.csproj", "{E5FA3AF9-89C2-482E-908C-E402EF38C8F4}"
EndProject
Project("{FAE04EC0-301F-11D3-BF4B-00C04F79EFBC}") = "EntityFramework.Extended", "EntityFramework.Extended\EntityFramework.Extended.csproj", "{D94A4904-E3E6-418F-8EF4-007C6DF0207F}"
EndProject
Project("{FAE04EC0-301F-11D3-BF4B-00C04F79EFBC}") = "GLMS.Mail", "GLMS.Mail\GLMS.Mail.csproj", "{26C63B1D-B26C-4945-8CE4-96F637C01ACC}"
EndProject
Project("{FAE04EC0-301F-11D3-BF4B-00C04F79EFBC}") = "GLMS.MVC.Extensions", "GLMS.MVC.Extensions\GLMS.MVC.Extensions.csproj", "{0470BFDA-FB1B-404C-944F-6CB4AB54A4E9}"
EndProject
Project("{FAE04EC0-301F-11D3-BF4B-00C04F79EFBC}") = "GLMS.SessionProvider", "GLMS.SessionProvider\GLMS.SessionProvider.csproj", "{42C88A80-9460-4230-AFEC-6780F71128AB}"
EndProject
Project("{FAE04EC0-301F-11D3-BF4B-00C04F79EFBC}") = "StructureMap", "StructureMap\StructureMap.csproj", "{3F36EA80-2F9A-4DAD-BA27-5AC6163A2EE3}"
EndProject
Project("{FAE04EC0-301F-11D3-BF4B-00C04F79EFBC}") = "GLMS.Website", "GLMS.Website\GLMS.Website.csproj", "{81A8B4BB-4782-4455-B44D-22E1CD5C28EB}"
EndProject
Project("{FAE04EC0-301F-11D3-BF4B-00C04F79EFBC}") = "GLMS.Migration", "GLMS.Migration\GLMS.Migration.csproj", "{9FEDFF7E-E47C-4B6A-94D0-2F606BFC7DCE}"
EndProject
Global
	GlobalSection(SolutionConfigurationPlatforms) = preSolution
		Build|Any CPU = Build|Any CPU
		Debug|Any CPU = Debug|Any CPU
		Release|Any CPU = Release|Any CPU
	EndGlobalSection
	GlobalSection(ProjectConfigurationPlatforms) = postSolution
		{82D1A046-D09D-44A1-8843-EF33DF9A56A3}.Build|Any CPU.ActiveCfg = Release|Any CPU
		{82D1A046-D09D-44A1-8843-EF33DF9A56A3}.Build|Any CPU.Build.0 = Release|Any CPU
		{82D1A046-D09D-44A1-8843-EF33DF9A56A3}.Debug|Any CPU.ActiveCfg = Debug|Any CPU
		{82D1A046-D09D-44A1-8843-EF33DF9A56A3}.Debug|Any CPU.Build.0 = Debug|Any CPU
		{82D1A046-D09D-44A1-8843-EF33DF9A56A3}.Release|Any CPU.ActiveCfg = Release|Any CPU
		{82D1A046-D09D-44A1-8843-EF33DF9A56A3}.Release|Any CPU.Build.0 = Release|Any CPU
		{BB464808-264F-45C9-B94B-9E59B9E1E754}.Build|Any CPU.ActiveCfg = Release|Any CPU
		{BB464808-264F-45C9-B94B-9E59B9E1E754}.Build|Any CPU.Build.0 = Release|Any CPU
		{BB464808-264F-45C9-B94B-9E59B9E1E754}.Debug|Any CPU.ActiveCfg = Debug|Any CPU
		{BB464808-264F-45C9-B94B-9E59B9E1E754}.Debug|Any CPU.Build.0 = Debug|Any CPU
		{BB464808-264F-45C9-B94B-9E59B9E1E754}.Release|Any CPU.ActiveCfg = Release|Any CPU
		{BB464808-264F-45C9-B94B-9E59B9E1E754}.Release|Any CPU.Build.0 = Release|Any CPU
		{E5FA3AF9-89C2-482E-908C-E402EF38C8F4}.Build|Any CPU.ActiveCfg = Release|Any CPU
		{E5FA3AF9-89C2-482E-908C-E402EF38C8F4}.Build|Any CPU.Build.0 = Release|Any CPU
		{E5FA3AF9-89C2-482E-908C-E402EF38C8F4}.Debug|Any CPU.ActiveCfg = Debug|Any CPU
		{E5FA3AF9-89C2-482E-908C-E402EF38C8F4}.Debug|Any CPU.Build.0 = Debug|Any CPU
		{E5FA3AF9-89C2-482E-908C-E402EF38C8F4}.Release|Any CPU.ActiveCfg = Release|Any CPU
		{E5FA3AF9-89C2-482E-908C-E402EF38C8F4}.Release|Any CPU.Build.0 = Release|Any CPU
		{D94A4904-E3E6-418F-8EF4-007C6DF0207F}.Build|Any CPU.ActiveCfg = Release|Any CPU
		{D94A4904-E3E6-418F-8EF4-007C6DF0207F}.Build|Any CPU.Build.0 = Release|Any CPU
		{D94A4904-E3E6-418F-8EF4-007C6DF0207F}.Debug|Any CPU.ActiveCfg = Debug|Any CPU
		{D94A4904-E3E6-418F-8EF4-007C6DF0207F}.Debug|Any CPU.Build.0 = Debug|Any CPU
		{D94A4904-E3E6-418F-8EF4-007C6DF0207F}.Release|Any CPU.ActiveCfg = Release|Any CPU
		{D94A4904-E3E6-418F-8EF4-007C6DF0207F}.Release|Any CPU.Build.0 = Release|Any CPU
		{26C63B1D-B26C-4945-8CE4-96F637C01ACC}.Build|Any CPU.ActiveCfg = Release|Any CPU
		{26C63B1D-B26C-4945-8CE4-96F637C01ACC}.Build|Any CPU.Build.0 = Release|Any CPU
		{26C63B1D-B26C-4945-8CE4-96F637C01ACC}.Debug|Any CPU.ActiveCfg = Debug|Any CPU
		{26C63B1D-B26C-4945-8CE4-96F637C01ACC}.Debug|Any CPU.Build.0 = Debug|Any CPU
		{26C63B1D-B26C-4945-8CE4-96F637C01ACC}.Release|Any CPU.ActiveCfg = Release|Any CPU
		{26C63B1D-B26C-4945-8CE4-96F637C01ACC}.Release|Any CPU.Build.0 = Release|Any CPU
		{0470BFDA-FB1B-404C-944F-6CB4AB54A4E9}.Build|Any CPU.ActiveCfg = Release|Any CPU
		{0470BFDA-FB1B-404C-944F-6CB4AB54A4E9}.Build|Any CPU.Build.0 = Release|Any CPU
		{0470BFDA-FB1B-404C-944F-6CB4AB54A4E9}.Debug|Any CPU.ActiveCfg = Debug|Any CPU
		{0470BFDA-FB1B-404C-944F-6CB4AB54A4E9}.Debug|Any CPU.Build.0 = Debug|Any CPU
		{0470BFDA-FB1B-404C-944F-6CB4AB54A4E9}.Release|Any CPU.ActiveCfg = Release|Any CPU
		{0470BFDA-FB1B-404C-944F-6CB4AB54A4E9}.Release|Any CPU.Build.0 = Release|Any CPU
		{42C88A80-9460-4230-AFEC-6780F71128AB}.Build|Any CPU.ActiveCfg = Release|Any CPU
		{42C88A80-9460-4230-AFEC-6780F71128AB}.Build|Any CPU.Build.0 = Release|Any CPU
		{42C88A80-9460-4230-AFEC-6780F71128AB}.Debug|Any CPU.ActiveCfg = Debug|Any CPU
		{42C88A80-9460-4230-AFEC-6780F71128AB}.Debug|Any CPU.Build.0 = Debug|Any CPU
		{42C88A80-9460-4230-AFEC-6780F71128AB}.Release|Any CPU.ActiveCfg = Release|Any CPU
		{42C88A80-9460-4230-AFEC-6780F71128AB}.Release|Any CPU.Build.0 = Release|Any CPU
		{3F36EA80-2F9A-4DAD-BA27-5AC6163A2EE3}.Build|Any CPU.ActiveCfg = Build|Any CPU
		{3F36EA80-2F9A-4DAD-BA27-5AC6163A2EE3}.Build|Any CPU.Build.0 = Build|Any CPU
		{3F36EA80-2F9A-4DAD-BA27-5AC6163A2EE3}.Debug|Any CPU.ActiveCfg = Debug|Any CPU
		{3F36EA80-2F9A-4DAD-BA27-5AC6163A2EE3}.Debug|Any CPU.Build.0 = Debug|Any CPU
		{3F36EA80-2F9A-4DAD-BA27-5AC6163A2EE3}.Release|Any CPU.ActiveCfg = Release|Any CPU
		{3F36EA80-2F9A-4DAD-BA27-5AC6163A2EE3}.Release|Any CPU.Build.0 = Release|Any CPU
		{81A8B4BB-4782-4455-B44D-22E1CD5C28EB}.Build|Any CPU.ActiveCfg = Release|Any CPU
		{81A8B4BB-4782-4455-B44D-22E1CD5C28EB}.Build|Any CPU.Build.0 = Release|Any CPU
		{81A8B4BB-4782-4455-B44D-22E1CD5C28EB}.Debug|Any CPU.ActiveCfg = Debug|Any CPU
		{81A8B4BB-4782-4455-B44D-22E1CD5C28EB}.Debug|Any CPU.Build.0 = Debug|Any CPU
		{81A8B4BB-4782-4455-B44D-22E1CD5C28EB}.Release|Any CPU.ActiveCfg = Release|Any CPU
		{81A8B4BB-4782-4455-B44D-22E1CD5C28EB}.Release|Any CPU.Build.0 = Release|Any CPU
		{9FEDFF7E-E47C-4B6A-94D0-2F606BFC7DCE}.Build|Any CPU.ActiveCfg = Release|Any CPU
		{9FEDFF7E-E47C-4B6A-94D0-2F606BFC7DCE}.Build|Any CPU.Build.0 = Release|Any CPU
		{9FEDFF7E-E47C-4B6A-94D0-2F606BFC7DCE}.Debug|Any CPU.ActiveCfg = Debug|Any CPU
		{9FEDFF7E-E47C-4B6A-94D0-2F606BFC7DCE}.Debug|Any CPU.Build.0 = Debug|Any CPU
		{9FEDFF7E-E47C-4B6A-94D0-2F606BFC7DCE}.Release|Any CPU.ActiveCfg = Release|Any CPU
		{9FEDFF7E-E47C-4B6A-94D0-2F606BFC7DCE}.Release|Any CPU.Build.0 = Release|Any CPU
	EndGlobalSection
	GlobalSection(SolutionProperties) = preSolution
		HideSolutionNode = FALSE
	EndGlobalSection
EndGlobal
